{
  "projects": [
    {
      "projectId": "eiC1VCbma8t6iMexZerqLa",
      "version": "5.0.9",
      "dependencies": {},
      "lang": "js",
      "fileLocks": [
        {
          "assetId": "eiC1VCbma8t6iMexZerqLa",
          "type": "projectCss",
          "checksum": "3f7722648c5a20640d96b262622973f5"
        },
        {
          "assetId": "eiC1VCbma8t6iMexZerqLa",
          "checksum": "8e9d2f9f3f5cd1ff52801d1800db6d1c",
          "type": "globalContexts"
        }
      ],
      "codegenVersion": "0.0.1"
    },
    {
      "projectId": "xp1p7dmg329XVLHyuEUxD2",
      "version": "10.3.2",
      "dependencies": {},
      "lang": "js",
      "fileLocks": [
        {
          "assetId": "xp1p7dmg329XVLHyuEUxD2",
          "type": "projectCss",
          "checksum": "b77eef885de95f7d4b5b1191f5daa11b"
        }
      ],
      "codegenVersion": "0.0.1"
    },
    {
      "projectId": "enauC2JUZgx5ZyyeLXbdDM",
      "version": "latest",
      "dependencies": {
        "xp1p7dmg329XVLHyuEUxD2": "10.3.2",
        "eiC1VCbma8t6iMexZerqLa": "5.0.9"
      },
      "lang": "js",
      "fileLocks": [
        {
          "type": "globalVariant",
          "assetId": "LLKAOh_Q1bc8eW",
          "checksum": "b78aac71e939d6b85b8be9005c7e7c0a"
        },
        {
          "type": "globalVariant",
          "assetId": "Bhrb4fDzkR-Jm1",
          "checksum": "6f5e971ac2ce0e75e5ad19e0e80e8c9e"
        },
        {
          "assetId": "enauC2JUZgx5ZyyeLXbdDM",
          "checksum": "1297bc0d3bc938f429506ff9a0cc4eb2",
          "type": "globalContexts"
        },
        {
          "type": "renderModule",
          "assetId": "CLk38g2D_8tHW",
          "checksum": "5ca7def8136b01dddc91c19235d73dd2"
        },
        {
          "type": "cssRules",
          "assetId": "CLk38g2D_8tHW",
          "checksum": "5ca7def8136b01dddc91c19235d73dd2"
        },
        {
          "type": "renderModule",
          "assetId": "O2ZVKHEd6XJZd",
          "checksum": "68ebe7405041d2b1bd65d866a67f9fae"
        },
        {
          "type": "cssRules",
          "assetId": "O2ZVKHEd6XJZd",
          "checksum": "68ebe7405041d2b1bd65d866a67f9fae"
        },
        {
          "type": "renderModule",
          "assetId": "2HqepKbKAMtfM",
          "checksum": "f629c6f83b09dfd7b0dd26aafd5916f9"
        },
        {
          "type": "cssRules",
          "assetId": "2HqepKbKAMtfM",
          "checksum": "f629c6f83b09dfd7b0dd26aafd5916f9"
        },
        {
          "type": "renderModule",
          "assetId": "4sCe1RdzCyGEz",
          "checksum": "db109614efa71c2292258627895f1c21"
        },
        {
          "type": "cssRules",
          "assetId": "4sCe1RdzCyGEz",
          "checksum": "db109614efa71c2292258627895f1c21"
        },
        {
          "type": "renderModule",
          "assetId": "oGLkckA1izFzxr",
          "checksum": "fb0a1b3d4da58426e625e89e31cc5423"
        },
        {
          "type": "cssRules",
          "assetId": "oGLkckA1izFzxr",
          "checksum": "fb0a1b3d4da58426e625e89e31cc5423"
        },
        {
          "type": "renderModule",
          "assetId": "IVyjr7QDv09hRO",
          "checksum": "f043cfd85e03fcced26607dc1fa9d3ed"
        },
        {
          "type": "cssRules",
          "assetId": "IVyjr7QDv09hRO",
          "checksum": "f043cfd85e03fcced26607dc1fa9d3ed"
        },
        {
          "type": "renderModule",
          "assetId": "N_JXub6VjSTVKo",
          "checksum": "fb21b6dae2e820eef9396872c09e8e03"
        },
        {
          "type": "cssRules",
          "assetId": "N_JXub6VjSTVKo",
          "checksum": "fb21b6dae2e820eef9396872c09e8e03"
        },
        {
          "type": "renderModule",
          "assetId": "HiLdkZiLn1r_3-",
          "checksum": "8ec1688cc0371dac226c539812a7a943"
        },
        {
          "type": "cssRules",
          "assetId": "HiLdkZiLn1r_3-",
          "checksum": "8ec1688cc0371dac226c539812a7a943"
        },
        {
          "type": "renderModule",
          "assetId": "eKObOqjQGvOV6B",
          "checksum": "e5f803619be76f4a37e367255bbe0bf6"
        },
        {
          "type": "cssRules",
          "assetId": "eKObOqjQGvOV6B",
          "checksum": "e5f803619be76f4a37e367255bbe0bf6"
        },
        {
          "type": "renderModule",
          "assetId": "NN00kAAArQ2R_R",
          "checksum": "6c6be1db6b1420e10c33f5ddcca3886e"
        },
        {
          "type": "cssRules",
          "assetId": "NN00kAAArQ2R_R",
          "checksum": "6c6be1db6b1420e10c33f5ddcca3886e"
        },
        {
          "type": "renderModule",
          "assetId": "NuqBXdDI1RJ8nA",
          "checksum": "49782d76b42087599911ed20d6f051fc"
        },
        {
          "type": "cssRules",
          "assetId": "NuqBXdDI1RJ8nA",
          "checksum": "49782d76b42087599911ed20d6f051fc"
        },
        {
          "type": "renderModule",
          "assetId": "l91tlDf7qVFhpo",
          "checksum": "89a0b1d3c0ebc1524a0ac069e673c2a5"
        },
        {
          "type": "cssRules",
          "assetId": "l91tlDf7qVFhpo",
          "checksum": "89a0b1d3c0ebc1524a0ac069e673c2a5"
        },
        {
          "type": "renderModule",
          "assetId": "fHSKL_T-uJlfUO",
          "checksum": "2303f5e4e5f78b064ea28fcb76cff8da"
        },
        {
          "type": "cssRules",
          "assetId": "fHSKL_T-uJlfUO",
          "checksum": "2303f5e4e5f78b064ea28fcb76cff8da"
        },
        {
          "type": "renderModule",
          "assetId": "rYxJUlxCQs2_8I",
          "checksum": "dbb9867aaa76bd3e4e18220082227cf5"
        },
        {
          "type": "cssRules",
          "assetId": "rYxJUlxCQs2_8I",
          "checksum": "dbb9867aaa76bd3e4e18220082227cf5"
        },
        {
          "type": "renderModule",
          "assetId": "xpNItL138qnk6M",
          "checksum": "790d59fc2f114f312e9e981733908264"
        },
        {
          "type": "cssRules",
          "assetId": "xpNItL138qnk6M",
          "checksum": "790d59fc2f114f312e9e981733908264"
        },
        {
          "type": "renderModule",
          "assetId": "OWvt5HQc2rGxSE",
          "checksum": "fc453427047db5ecb3d4c9fb7e2cf856"
        },
        {
          "type": "cssRules",
          "assetId": "OWvt5HQc2rGxSE",
          "checksum": "fc453427047db5ecb3d4c9fb7e2cf856"
        },
        {
          "type": "renderModule",
          "assetId": "o2kqYWuWYIGqbv",
          "checksum": "dca3a7eace34dea732512fd4143b27fc"
        },
        {
          "type": "cssRules",
          "assetId": "o2kqYWuWYIGqbv",
          "checksum": "dca3a7eace34dea732512fd4143b27fc"
        },
        {
          "type": "renderModule",
          "assetId": "rYC1Rf1vRK3RsO",
          "checksum": "771cb3b8471e6883eea31e883f0abcdb"
        },
        {
          "type": "cssRules",
          "assetId": "rYC1Rf1vRK3RsO",
          "checksum": "771cb3b8471e6883eea31e883f0abcdb"
        },
        {
          "type": "renderModule",
          "assetId": "dtSYYPWUo8m3OK",
          "checksum": "5094487911876e0e4b4476a6e8567b13"
        },
        {
          "type": "cssRules",
          "assetId": "dtSYYPWUo8m3OK",
          "checksum": "5094487911876e0e4b4476a6e8567b13"
        },
        {
          "type": "renderModule",
          "assetId": "gVUEUfniIrDhqE",
          "checksum": "b7ee9a5fd8732290b0a8d036e8c7e864"
        },
        {
          "type": "cssRules",
          "assetId": "gVUEUfniIrDhqE",
          "checksum": "b7ee9a5fd8732290b0a8d036e8c7e864"
        },
        {
          "type": "renderModule",
          "assetId": "ngYacomT_5P__7",
          "checksum": "b14525ba5b499e2527abe94a8c07de22"
        },
        {
          "type": "cssRules",
          "assetId": "ngYacomT_5P__7",
          "checksum": "b14525ba5b499e2527abe94a8c07de22"
        },
        {
          "type": "renderModule",
          "assetId": "3mn9yXM9haJqFt",
          "checksum": "c860bb698315d27690ab796810b3d2be"
        },
        {
          "type": "cssRules",
          "assetId": "3mn9yXM9haJqFt",
          "checksum": "c860bb698315d27690ab796810b3d2be"
        },
        {
          "type": "renderModule",
          "assetId": "7tEzuuLezy2GoN",
          "checksum": "e7656d9d612c02748072f854b282410a"
        },
        {
          "type": "cssRules",
          "assetId": "7tEzuuLezy2GoN",
          "checksum": "e7656d9d612c02748072f854b282410a"
        },
        {
          "type": "renderModule",
          "assetId": "oidbDHS-cDyW9A",
          "checksum": "4261cf3d71f5f095ecd322556d41994e"
        },
        {
          "type": "cssRules",
          "assetId": "oidbDHS-cDyW9A",
          "checksum": "4261cf3d71f5f095ecd322556d41994e"
        },
        {
          "type": "renderModule",
          "assetId": "5sSXh73L87u3W4",
          "checksum": "e1675e13a5ef0257e5dc3c419f82df03"
        },
        {
          "type": "cssRules",
          "assetId": "5sSXh73L87u3W4",
          "checksum": "e1675e13a5ef0257e5dc3c419f82df03"
        },
        {
          "type": "icon",
          "assetId": "KI9uCAtVw-wc-2",
          "checksum": "7f9da6253f911ac52ce1a78792b24783"
        },
        {
          "type": "icon",
          "assetId": "LLX4T6aTYGnKwI",
          "checksum": "6a348ae4cbafe250d66a75b441490178"
        },
        {
          "type": "icon",
          "assetId": "mI4J64Nrgfqiph",
          "checksum": "0d1236132d0c3ef5f1a34d62ae563974"
        },
        {
          "type": "icon",
          "assetId": "WVrHYnUKxmSKXF",
          "checksum": "f79d4dcda62f1084f2247f245e62b7c9"
        },
        {
          "type": "icon",
          "assetId": "cV6OVkXZsVBTXg",
          "checksum": "f4a4ef59bfb617fc724566b378018de4"
        },
        {
          "type": "icon",
          "assetId": "JWz7XDsBEMngMw",
          "checksum": "0f7200db5851c65718c75c5042c586db"
        },
        {
          "type": "icon",
          "assetId": "G6PjFLKfMhDDhd",
          "checksum": "36b3b375772a461a00b55b0378722a2f"
        },
        {
          "type": "icon",
          "assetId": "vT_2hCCN7W4RC3",
          "checksum": "79f3c08c0c198aa9c23fb7cdfc3e3b50"
        },
        {
          "type": "icon",
          "assetId": "39LcbCaGVC-27p",
          "checksum": "901d5a55d1ab8d12212a5e7ab9559f37"
        },
        {
          "type": "icon",
          "assetId": "BpPIcLchlBNoNh",
          "checksum": "2bea9b88b58cc669625dc9d58ee8df4b"
        },
        {
          "type": "icon",
          "assetId": "SE57J6p4xoT8zM",
          "checksum": "14fbb5d437f61b6226cd45e34fd595c8"
        },
        {
          "type": "icon",
          "assetId": "xhmf3RbuXi_3Pe",
          "checksum": "66995fca617c0667e4b513035588da4e"
        },
        {
          "type": "icon",
          "assetId": "2jE8pbYJ_MK0gK",
          "checksum": "1ef425de9fa2f3212fbe3a2c9bfed39b"
        },
        {
          "type": "icon",
          "assetId": "PKPEMSwyBWT4Cw",
          "checksum": "571ae52ce40e1f1896565aa63e4462cf"
        },
        {
          "type": "icon",
          "assetId": "9xldbtxq7wqZWb",
          "checksum": "0326fbaf56a9a8363b86ebfa01c560b3"
        },
        {
          "type": "icon",
          "assetId": "ym2OJ0bu7vW9RD",
          "checksum": "350a79bed09e32fc56c16fcaf89a5def"
        },
        {
          "type": "icon",
          "assetId": "lXMvNBIFYumGue",
          "checksum": "fd85239ee46e8821710fedc40e1e0d56"
        },
        {
          "type": "icon",
          "assetId": "D1pPqxaZk5znFX",
          "checksum": "5c17918aefe9e181db5baafecbbe97cd"
        },
        {
          "type": "icon",
          "assetId": "5VktMWLsE9UajT",
          "checksum": "f9a9b5c8315f239db7dd20425eff9ebf"
        },
        {
          "type": "icon",
          "assetId": "mSxzG_wlrG9eMO",
          "checksum": "30be253057810675c8607fa91a75a1f5"
        },
        {
          "type": "icon",
          "assetId": "_DTaOVhecnoflB",
          "checksum": "0177eb8207190e659d9fb61c3036b5bd"
        },
        {
          "type": "icon",
          "assetId": "3YUfV2jsteqS85",
          "checksum": "d6bc2d0259b29a60f5e9ca839c96607d"
        },
        {
          "type": "icon",
          "assetId": "d9HM20FOB-Liht",
          "checksum": "f255d0b2ead1ef8dd3485b81a1324335"
        },
        {
          "type": "icon",
          "assetId": "F4VKZnxoQQC7d6",
          "checksum": "656ed771a80c05f16086bb234a84344a"
        },
        {
          "type": "icon",
          "assetId": "3LE4wq8LdNNQL7",
          "checksum": "953b4b6350f030cfdd03cef6de764a4d"
        },
        {
          "type": "icon",
          "assetId": "YENE9ftm8coxJW",
          "checksum": "77e6421185772c020facc206a7df8a45"
        },
        {
          "type": "icon",
          "assetId": "HmORkr4bYBqCMv",
          "checksum": "38dd8d1c9f73c5c1d880f733974fdd36"
        },
        {
          "type": "icon",
          "assetId": "kjrbXEInqLIEst",
          "checksum": "1e6f62c9a8326ea667bdec6cede60015"
        },
        {
          "type": "icon",
          "assetId": "t2FlHdvmS-IDiT",
          "checksum": "3079cb59f16146ecd9cb14ea9c4e7934"
        },
        {
          "type": "icon",
          "assetId": "TIE0GKFqnrTKf1",
          "checksum": "3aaf74c03667464e2240c6cb0640ab63"
        },
        {
          "type": "icon",
          "assetId": "5KirajlK2gMG8c",
          "checksum": "a7fa8ed5b3201f90135e0576e1ae8cd9"
        },
        {
          "type": "icon",
          "assetId": "hRHtXxS0_s-RTh",
          "checksum": "66c3ab7922678ce0026675ca84e6a192"
        },
        {
          "type": "icon",
          "assetId": "xqsZ4g_xxbDOAJ",
          "checksum": "3a985e913db6e6156217d5b56fe27549"
        },
        {
          "type": "icon",
          "assetId": "jB6t6zpXrd0olH",
          "checksum": "0c1aa6aef4f9000cdeb983d49d33b541"
        },
        {
          "type": "icon",
          "assetId": "L1m84JsI-ws9Ow",
          "checksum": "d33a574c9ec7320db7dc30f9cc492a27"
        },
        {
          "type": "icon",
          "assetId": "-NZf9vOwppczTg",
          "checksum": "a5d88fd1c287f589b134ee0b5dc522db"
        },
        {
          "type": "icon",
          "assetId": "AcD8iq4yEGG9G2",
          "checksum": "b10369c3da67d7dd44c0d98add682493"
        },
        {
          "type": "icon",
          "assetId": "k7PXLmujUwM2b8",
          "checksum": "6b90eeb9b2ae0e43153847864007b1a9"
        },
        {
          "type": "icon",
          "assetId": "468UtzPW5P4ic_",
          "checksum": "44eb035b5b9ac8523bac29f5eed87822"
        },
        {
          "type": "image",
          "assetId": "LTgrxh4X7Mzil5",
          "checksum": "730660eb98815b54505a6681d3918aa0"
        },
        {
          "type": "image",
          "assetId": "HGIgw6rq-MCWrg",
          "checksum": "17f7d3b67044fa95912ecd2ba751673b"
        },
        {
          "type": "image",
          "assetId": "lgKWFAveN7MfaL",
          "checksum": "0c8c08b4a224f4c3a157ffb297d81d86"
        },
        {
          "type": "image",
          "assetId": "g5xm4cY_9MnRMk",
          "checksum": "3ec6c087a46592d31863391dfea99d5f"
        },
        {
          "type": "image",
          "assetId": "RJh618xMH-E9hf",
          "checksum": "95628cf384419d85c8206a15e4596cb0"
        },
        {
          "type": "image",
          "assetId": "GPRndo1g8JSHF_",
          "checksum": "025777fd131b499232e28867919504d6"
        },
        {
          "type": "image",
          "assetId": "ijyzvOrmot76Wu",
          "checksum": "1034d0cc6b7a8fe0fc1104d0c4230465"
        },
        {
          "type": "image",
          "assetId": "c4pWXmYHdkedAw",
          "checksum": "72d4924d20a8cf1d09f58aa4a6d132ea"
        },
        {
          "type": "image",
          "assetId": "zH0SyiD2PjzQUH",
          "checksum": "672556eafa82cf3a7b469fd3c0c60c61"
        },
        {
          "type": "image",
          "assetId": "gonVQLI0pAmL0c",
          "checksum": "b6f4e8e75adc1ed3cd82c1edc8b89057"
        },
        {
          "type": "image",
          "assetId": "fBF0LZTave4wVG",
          "checksum": "0cee0817198a2f2e6aea6a3c20ea053c"
        },
        {
          "type": "image",
          "assetId": "P-zwEknFhxbMz8",
          "checksum": "da7412fea9c745070f6b4a7ea06f5f87"
        },
        {
          "type": "image",
          "assetId": "q7Ycrq0Oa4CyGn",
          "checksum": "2a3817ec9670510cedad3a80b597554d"
        },
        {
          "type": "image",
          "assetId": "nDXAE5C4Se1Wa-",
          "checksum": "cc67a469782fe5af2e1dd5acd44da86b"
        },
        {
          "type": "image",
          "assetId": "7U-J7hCwviRDWZ",
          "checksum": "21bcb1233b0eb3a9bd8198b78d61416b"
        },
        {
          "type": "image",
          "assetId": "futXJok-yisIWO",
          "checksum": "ce571a2e5c1630c62ec4dbd9d0fb5117"
        },
        {
          "type": "image",
          "assetId": "ENDVvTqU9LbbIT",
          "checksum": "4cafbc1af5445101440e7ab2ee61bd0b"
        },
        {
          "type": "image",
          "assetId": "5S3r6OnLX8KaAd",
          "checksum": "cde5bda875aec85e98491a9cf2258209"
        },
        {
          "type": "image",
          "assetId": "ZnooVtL_iri-Mk",
          "checksum": "969754758e59b13f1a2ab9be9fd6d3cb"
        },
        {
          "type": "image",
          "assetId": "XBNkkcIF0ruz92",
          "checksum": "ffc55bb8615c343bcbf885d767eec1f0"
        },
        {
          "type": "image",
          "assetId": "xsWMpyG4Sm6O9_",
          "checksum": "92c0559865bb20fd27a48168657e2b4f"
        },
        {
          "type": "image",
          "assetId": "Z0ezEzsr1oW8NS",
          "checksum": "7a8b18652254f2f67a00bee383164ce7"
        },
        {
          "type": "image",
          "assetId": "X8ttTuN3FqWpE0",
          "checksum": "1bdaf7fbebd303743616d437ff566c5a"
        },
        {
          "type": "image",
          "assetId": "F42jiocIPP4-Vp",
          "checksum": "b22c4fdd9db2c7b94ca89b598a237aa1"
        },
        {
          "type": "image",
          "assetId": "M15vNOqhJMN91o",
          "checksum": "6ff1c8d55e5d49939acff6e2705877cb"
        },
        {
          "type": "image",
          "assetId": "kmbzC4Td0-WQN8",
          "checksum": "23c27f5c0ba5a07071b65b4366d82256"
        },
        {
          "type": "image",
          "assetId": "Vv5dgdP4QFWiW2",
          "checksum": "d1f75fa12f0436237389fb91fc31d03b"
        },
        {
          "type": "image",
          "assetId": "ck_3YSdE6lL-Ds",
          "checksum": "d0c372675c464c8b579f87534d8ed23a"
        },
        {
          "type": "image",
          "assetId": "d--5wjEqjBXeNX",
          "checksum": "f72e9f333bf65dcd7871e7c598a668d2"
        },
        {
          "type": "image",
          "assetId": "2gyAWmUl9dijzt",
          "checksum": "38d58d6de6e10806f8a8d4cb49d11666"
        },
        {
          "type": "image",
          "assetId": "mxugGoH4lMiGtt",
          "checksum": "40534867e21fb65ed05b05c0e75a2f06"
        },
        {
          "type": "image",
          "assetId": "Bt1rjXslUF_cWf",
          "checksum": "3db09941ad9a8f4ac1a18f865b43a656"
        },
        {
          "type": "image",
          "assetId": "Z3duNEnd-uWdZf",
          "checksum": "dad877419e076c3412337540a1392af6"
        },
        {
          "type": "image",
          "assetId": "JyYD1L_bOLakDX",
          "checksum": "796aadf9de7aeeb2ee1c5b7d83537e8b"
        },
        {
          "type": "image",
          "assetId": "xCNCTm3mK4plMR",
          "checksum": "6d8a3abc32f2089305dded8dc0b816ee"
        },
        {
          "type": "image",
          "assetId": "Xd_18_f4DXSAxW",
          "checksum": "50ea804e82243005661fff3962838ccd"
        },
        {
          "type": "image",
          "assetId": "P6zDoi1jxuQZBh",
          "checksum": "8fd010a6f52e4744cf28fcf9a91b84e0"
        },
        {
          "type": "image",
          "assetId": "4gxXpjhy-Rr95V",
          "checksum": "67a4f531e764cfd6b6c5a9783f3d97cc"
        },
        {
          "type": "image",
          "assetId": "cJ9D5_68g13SAL",
          "checksum": "982fa0e082e3a4dfe1db48b2febd58aa"
        },
        {
          "type": "image",
          "assetId": "5zbrgQznOiX7Zv",
          "checksum": "461b06a24ec06b92d29d344efbbd6698"
        },
        {
          "type": "image",
          "assetId": "zjf3wV6oBqE28s",
          "checksum": "147cbdc057731b3d8e55ee07b3a58d4a"
        },
        {
          "type": "image",
          "assetId": "l0obD-M_0cHl9d",
          "checksum": "25bb4a79af76a736e6cc69fef85591fb"
        },
        {
          "type": "image",
          "assetId": "4YkPIEDB7qePcJ",
          "checksum": "031bb0dd7e4c83aebcd14e9aa3e8355f"
        },
        {
          "type": "image",
          "assetId": "QDu8EFHldc4ai6",
          "checksum": "52ce18d4b0c3380a7ed3b0eb2b0a2add"
        },
        {
          "type": "image",
          "assetId": "ak5u8oiu9nq0lr",
          "checksum": "d5b476ebc4faf90b80c939af372e3a7e"
        },
        {
          "type": "image",
          "assetId": "jRXBCBTrJtAuzr",
          "checksum": "d6ad7f4cfb911633755536de31047688"
        },
        {
          "type": "image",
          "assetId": "WcPozlEtl63A8D",
          "checksum": "1119cea4a6315ff8a6cebee3f568b4e2"
        },
        {
          "type": "image",
          "assetId": "GeHL6c2Be9vKAi",
          "checksum": "c4de9a3f2e1a534e4e403e0b139d8cbb"
        },
        {
          "type": "image",
          "assetId": "9srGK-lvhpUOUL",
          "checksum": "8670cc86eaec4fac99dbfa3acd69fef7"
        },
        {
          "type": "image",
          "assetId": "IzR-EIItL5_vwO",
          "checksum": "827f8f9403bd859a4108ea68cefc1e01"
        },
        {
          "type": "image",
          "assetId": "jZtV1NC97xJZfZ",
          "checksum": "dfc8f9bdf8ddf577e58f4bc35ce9c507"
        },
        {
          "type": "image",
          "assetId": "TEgKw6O2LVA-3E",
          "checksum": "8cae3648fb7a4817583b38878ca461f4"
        },
        {
          "type": "image",
          "assetId": "8dNanp-be8gSX4",
          "checksum": "9d9b9172ec5187bd2a41569da3641363"
        },
        {
          "type": "image",
          "assetId": "tQ-Hn7_AKc-krY",
          "checksum": "fd8f6d81d6791f5269fa0a09b6718756"
        },
        {
          "type": "image",
          "assetId": "rAsfsapuPOmvB1",
          "checksum": "aa8ea2dcf79701b0cf4f6a2772121fb0"
        },
        {
          "type": "image",
          "assetId": "3AMCPrtRCRDiR1",
          "checksum": "50ccd08979026ca2bdb2af4fe4afe904"
        },
        {
          "type": "image",
          "assetId": "G6OGhurFp0rWsG",
          "checksum": "9f78f4ed6406a0ed2d1336cc92ea680b"
        },
        {
          "type": "image",
          "assetId": "ibdgC9X8x87kT9",
          "checksum": "76f6896f6826a53295b6adba33f63ef9"
        },
        {
          "type": "image",
          "assetId": "pfgyYI95CK80Bx",
          "checksum": "c929a662a7e7e3fe02589866b7e24b79"
        },
        {
          "type": "image",
          "assetId": "pXNtF7dpHZYDFa",
          "checksum": "2e25b328e401cd486c1d0ffef3769cc6"
        },
        {
          "type": "image",
          "assetId": "-M8HXIH1jS1MoJ",
          "checksum": "b26eacd535b52ac41fdb35a349d8a88e"
        },
        {
          "type": "image",
          "assetId": "Ri5llx5jhfjA5P",
          "checksum": "3c9f35b7beb0409f3b93c0e18956e72d"
        },
        {
          "type": "image",
          "assetId": "agjRaA86n61Mpd",
          "checksum": "96f01d3cd4b3db53ef5191901be692cb"
        },
        {
          "type": "image",
          "assetId": "fkca5Qt276BPvN",
          "checksum": "99daf1734ddc1a026eb4c21f74521de3"
        },
        {
          "type": "image",
          "assetId": "yGWjQ1W9blpR3w",
          "checksum": "f020a136e3d12c5890d56e3710e57961"
        },
        {
          "type": "image",
          "assetId": "dHi8j4NjE",
          "checksum": "8c8ba8ff78793ca4ffda87919b75431f"
        },
        {
          "type": "image",
          "assetId": "oBTy0nYcc",
          "checksum": "08ced1cc7a8d6b11d4d049b4a9daeb2f"
        },
        {
          "type": "image",
          "assetId": "pkTp_cbwt",
          "checksum": "e873a310c47ff0200685f7dc49bddacc"
        },
        {
          "type": "image",
          "assetId": "2VyMzxfb_",
          "checksum": "b38939be29dde236560c8b20d3563ed8"
        },
        {
          "type": "image",
          "assetId": "Zry4BNSVV",
          "checksum": "7c1024f4a74cdfedb30b9b5cab5a3df3"
        },
        {
          "type": "image",
          "assetId": "fI08VZ-DY",
          "checksum": "1545a60e16b3e0286689de948024e05c"
        },
        {
          "type": "image",
          "assetId": "B81-DDtgj",
          "checksum": "55ac695ab164cdf1f6b4af4a3f9f3871"
        },
        {
          "type": "image",
          "assetId": "3GwiRmv3z",
          "checksum": "a22e37baf5ecf47e92ce4f0ecf5ee4d0"
        },
        {
          "type": "image",
          "assetId": "8359E0Tl-",
          "checksum": "8c2eb23d4ca533aaa8b098bcbb5fa3e2"
        },
        {
          "type": "image",
          "assetId": "pPbLZpIBA",
          "checksum": "db06f3bcfe0759b72f081d6e62560dae"
        },
        {
          "type": "image",
          "assetId": "MBNOLk600",
          "checksum": "e8de6ac97b089c0e7d287aefd30e91a6"
        },
        {
          "assetId": "enauC2JUZgx5ZyyeLXbdDM",
          "type": "projectCss",
          "checksum": "0c8fd82a2c2b7995d3ea6c5e876e311d"
        }
      ],
      "codegenVersion": "0.0.1"
    }
  ],
  "cliVersion": "0.1.178"
}
